
Microsoft Visual Studio Solution File, Format Version 12.00
# Visual Studio Version 16
VisualStudioVersion = 16.0.30804.86
MinimumVisualStudioVersion = 10.0.40219.1
Project("{FAE04EC0-301F-11D3-BF4B-00C04F79EFBC}") = "DataAccess", "DataAccess\DataAccess.csproj", "{631B1AD7-5D05-45B9-AC97-2BCEFF3B0631}"
EndProject
Project("{FAE04EC0-301F-11D3-BF4B-00C04F79EFBC}") = "Business", "Business\Business.csproj", "{D6B6CE5F-0BFD-4752-BC5F-9E03BCB61E03}"
EndProject
Project("{FAE04EC0-301F-11D3-BF4B-00C04F79EFBC}") = "Entities", "Entities\Entities.csproj", "{75FB2A10-5911-4EDD-B56E-ADC1FC4CE7CE}"
EndProject
Project("{FAE04EC0-301F-11D3-BF4B-00C04F79EFBC}") = "ConsoleUI", "ConsoleUI\ConsoleUI.csproj", "{319A06C0-F255-4E99-8E8F-056F708E77D0}"
EndProject
Global
	GlobalSection(SolutionConfigurationPlatforms) = preSolution
		Debug|Any CPU = Debug|Any CPU
		Release|Any CPU = Release|Any CPU
	EndGlobalSection
	GlobalSection(ProjectConfigurationPlatforms) = postSolution
		{631B1AD7-5D05-45B9-AC97-2BCEFF3B0631}.Debug|Any CPU.ActiveCfg = Debug|Any CPU
		{631B1AD7-5D05-45B9-AC97-2BCEFF3B0631}.Debug|Any CPU.Build.0 = Debug|Any CPU
		{631B1AD7-5D05-45B9-AC97-2BCEFF3B0631}.Release|Any CPU.ActiveCfg = Release|Any CPU
		{631B1AD7-5D05-45B9-AC97-2BCEFF3B0631}.Release|Any CPU.Build.0 = Release|Any CPU
		{D6B6CE5F-0BFD-4752-BC5F-9E03BCB61E03}.Debug|Any CPU.ActiveCfg = Debug|Any CPU
		{D6B6CE5F-0BFD-4752-BC5F-9E03BCB61E03}.Debug|Any CPU.Build.0 = Debug|Any CPU
		{D6B6CE5F-0BFD-4752-BC5F-9E03BCB61E03}.Release|Any CPU.ActiveCfg = Release|Any CPU
		{D6B6CE5F-0BFD-4752-BC5F-9E03BCB61E03}.Release|Any CPU.Build.0 = Release|Any CPU
		{75FB2A10-5911-4EDD-B56E-ADC1FC4CE7CE}.Debug|Any CPU.ActiveCfg = Debug|Any CPU
		{75FB2A10-5911-4EDD-B56E-ADC1FC4CE7CE}.Debug|Any CPU.Build.0 = Debug|Any CPU
		{75FB2A10-5911-4EDD-B56E-ADC1FC4CE7CE}.Release|Any CPU.ActiveCfg = Release|Any CPU
		{75FB2A10-5911-4EDD-B56E-ADC1FC4CE7CE}.Release|Any CPU.Build.0 = Release|Any CPU
		{319A06C0-F255-4E99-8E8F-056F708E77D0}.Debug|Any CPU.ActiveCfg = Debug|Any CPU
		{319A06C0-F255-4E99-8E8F-056F708E77D0}.Debug|Any CPU.Build.0 = Debug|Any CPU
		{319A06C0-F255-4E99-8E8F-056F708E77D0}.Release|Any CPU.ActiveCfg = Release|Any CPU
		{319A06C0-F255-4E99-8E8F-056F708E77D0}.Release|Any CPU.Build.0 = Release|Any CPU
	EndGlobalSection
	GlobalSection(SolutionProperties) = preSolution
		HideSolutionNode = FALSE
	EndGlobalSection
	GlobalSection(ExtensibilityGlobals) = postSolution
		SolutionGuid = {B9FC5E80-28F1-4F0C-94A0-2CF8855DC184}
	EndGlobalSection
EndGlobal
